
Microsoft Visual Studio Solution File, Format Version 12.00
# Visual Studio Version 16
VisualStudioVersion = 16.0.31313.79
MinimumVisualStudioVersion = 10.0.40219.1
Project("{FAE04EC0-301F-11D3-BF4B-00C04F79EFBC}") = "ReservationPlatform.API", "ReservationPlatform.API\ReservationPlatform.API.csproj", "{6ADE97EA-AD4C-4A02-A16E-BFF091F77C7A}"
EndProject
Project("{FAE04EC0-301F-11D3-BF4B-00C04F79EFBC}") = "ReservationPlatform.Tests", "ReservationPlatform.Tests\ReservationPlatform.Tests.csproj", "{75C6A91D-27B3-4F4E-A74C-AC65F365D4E2}"
EndProject
Global
	GlobalSection(SolutionConfigurationPlatforms) = preSolution
		Debug|Any CPU = Debug|Any CPU
		Release|Any CPU = Release|Any CPU
	EndGlobalSection
	GlobalSection(ProjectConfigurationPlatforms) = postSolution
		{6ADE97EA-AD4C-4A02-A16E-BFF091F77C7A}.Debug|Any CPU.ActiveCfg = Debug|Any CPU
		{6ADE97EA-AD4C-4A02-A16E-BFF091F77C7A}.Debug|Any CPU.Build.0 = Debug|Any CPU
		{6ADE97EA-AD4C-4A02-A16E-BFF091F77C7A}.Release|Any CPU.ActiveCfg = Release|Any CPU
		{6ADE97EA-AD4C-4A02-A16E-BFF091F77C7A}.Release|Any CPU.Build.0 = Release|Any CPU
		{75C6A91D-27B3-4F4E-A74C-AC65F365D4E2}.Debug|Any CPU.ActiveCfg = Debug|Any CPU
		{75C6A91D-27B3-4F4E-A74C-AC65F365D4E2}.Debug|Any CPU.Build.0 = Debug|Any CPU
		{75C6A91D-27B3-4F4E-A74C-AC65F365D4E2}.Release|Any CPU.ActiveCfg = Release|Any CPU
		{75C6A91D-27B3-4F4E-A74C-AC65F365D4E2}.Release|Any CPU.Build.0 = Release|Any CPU
	EndGlobalSection
	GlobalSection(SolutionProperties) = preSolution
		HideSolutionNode = FALSE
	EndGlobalSection
	GlobalSection(ExtensibilityGlobals) = postSolution
		SolutionGuid = {91488E5B-BDC5-4662-8625-F612DEA824A2}
	EndGlobalSection
EndGlobal
